
Microsoft Visual Studio Solution File, Format Version 12.00
Project("{FAE04EC0-301F-11D3-BF4B-00C04F79EFBC}") = "HFT_DrawingHelper", "HFT_DrawingHelper\HFT_DrawingHelper.csproj", "{DE121C19-D6CA-4B71-A18E-C890A86C52C4}"
EndProject
Global
	GlobalSection(SolutionConfigurationPlatforms) = preSolution
		Debug|Any CPU = Debug|Any CPU
		Release|Any CPU = Release|Any CPU
	EndGlobalSection
	GlobalSection(ProjectConfigurationPlatforms) = postSolution
		{DE121C19-D6CA-4B71-A18E-C890A86C52C4}.Debug|Any CPU.ActiveCfg = Debug|Any CPU
		{DE121C19-D6CA-4B71-A18E-C890A86C52C4}.Debug|Any CPU.Build.0 = Debug|Any CPU
		{DE121C19-D6CA-4B71-A18E-C890A86C52C4}.Release|Any CPU.ActiveCfg = Release|Any CPU
		{DE121C19-D6CA-4B71-A18E-C890A86C52C4}.Release|Any CPU.Build.0 = Release|Any CPU
	EndGlobalSection
EndGlobal
